
Microsoft Visual Studio Solution File, Format Version 12.00
# Visual Studio Version 17
VisualStudioVersion = 17.13.35931.197 d17.13
MinimumVisualStudioVersion = 10.0.40219.1
Project("{FAE04EC0-301F-11D3-BF4B-00C04F79EFBC}") = "QLDSV_HTC_PROJECT", "QLDSV_HTC_PROJECT\QLDSV_HTC_PROJECT.csproj", "{E1F2A23A-7250-4D49-8772-52EBF2D56906}"
EndProject
Global
	GlobalSection(SolutionConfigurationPlatforms) = preSolution
		Debug|Any CPU = Debug|Any CPU
		Release|Any CPU = Release|Any CPU
	EndGlobalSection
	GlobalSection(ProjectConfigurationPlatforms) = postSolution
		{E1F2A23A-7250-4D49-8772-52EBF2D56906}.Debug|Any CPU.ActiveCfg = Debug|Any CPU
		{E1F2A23A-7250-4D49-8772-52EBF2D56906}.Debug|Any CPU.Build.0 = Debug|Any CPU
		{E1F2A23A-7250-4D49-8772-52EBF2D56906}.Release|Any CPU.ActiveCfg = Release|Any CPU
		{E1F2A23A-7250-4D49-8772-52EBF2D56906}.Release|Any CPU.Build.0 = Release|Any CPU
	EndGlobalSection
	GlobalSection(SolutionProperties) = preSolution
		HideSolutionNode = FALSE
	EndGlobalSection
	GlobalSection(ExtensibilityGlobals) = postSolution
		SolutionGuid = {DBE5BB7D-1105-47E4-8DE7-4C6BC6EA4536}
	EndGlobalSection
EndGlobal
